{
  "originHash" : "5ba98c4ea5752253a14c0717c172997b9879fe8d7bf1e3669d51b189e654f58e",
  "pins" : [
    {
      "identity" : "cpx-research-sdk-ios",
      "kind" : "remoteSourceControl",
      "location" : "https://github.com/MakeOpinionGmbH/cpx-research-SDK-Ios",
      "state" : {
        "revision" : "07bfcf3514ae14bcf5b107bea1e7b6a9bbcba728",
        "version" : "1.8.0"
      }
    },
    {
      "identity" : "gifu",
      "kind" : "remoteSourceControl",
      "location" : "https://github.com/kaishin/Gifu.git",
      "state" : {
        "revision" : "46434cd816f035271beb16d80f7bc91381cbd8e4",
        "version" : "3.5.1"
      }
    }
  ],
  "version" : 3
}
