{
  "originHash" : "2f4dcced3e8e9a5c17c49fcd74e7180448379ab338504d105e95a17237d02a44",
  "pins" : [
    {
      "identity" : "cpx-research-sdk-ios",
      "kind" : "remoteSourceControl",
      "location" : "https://github.com/MakeOpinionGmbH/cpx-research-SDK-Ios.git",
      "state" : {
        "revision" : "6f3b94db3e3a81f1c549b031af70ad9ac66c10d0",
        "version" : "1.6.0"
      }
    },
    {
      "identity" : "gifu",
      "kind" : "remoteSourceControl",
      "location" : "https://github.com/kaishin/Gifu.git",
      "state" : {
        "revision" : "46434cd816f035271beb16d80f7bc91381cbd8e4",
        "version" : "3.5.1"
      }
    }
  ],
  "version" : 3
}
