// !$*UTF8*$!
{
	archiveVersion = 1;
	classes = {
	};
	objectVersion = 52;
	objects = {

/* Begin PBXBuildFile section */
		653380F725DBB4C0002A8E3C /* AppDelegate.m in Sources */ = {isa = PBXBuildFile; fileRef = 653380F625DBB4C0002A8E3C /* AppDelegate.m */; };
		653380FA25DBB4C0002A8E3C /* SceneDelegate.m in Sources */ = {isa = PBXBuildFile; fileRef = 653380F925DBB4C0002A8E3C /* SceneDelegate.m */; };
		653380FD25DBB4C0002A8E3C /* ViewController.m in Sources */ = {isa = PBXBuildFile; fileRef = 653380FC25DBB4C0002A8E3C /* ViewController.m */; };
		6533810025DBB4C0002A8E3C /* Main.storyboard in Resources */ = {isa = PBXBuildFile; fileRef = 653380FE25DBB4C0002A8E3C /* Main.storyboard */; };
		6533810225DBB4C2002A8E3C /* Assets.xcassets in Resources */ = {isa = PBXBuildFile; fileRef = 6533810125DBB4C2002A8E3C /* Assets.xcassets */; };
		6533810525DBB4C2002A8E3C /* LaunchScreen.storyboard in Resources */ = {isa = PBXBuildFile; fileRef = 6533810325DBB4C2002A8E3C /* LaunchScreen.storyboard */; };
		6533810825DBB4C2002A8E3C /* main.m in Sources */ = {isa = PBXBuildFile; fileRef = 6533810725DBB4C2002A8E3C /* main.m */; };
		6582B0E92825781100289799 /* CPXResearch in Frameworks */ = {isa = PBXBuildFile; productRef = 6582B0E82825781100289799 /* CPXResearch */; };
/* End PBXBuildFile section */

/* Begin PBXFileReference section */
		653380F225DBB4C0002A8E3C /* TestProject.app */ = {isa = PBXFileReference; explicitFileType = wrapper.application; includeInIndex = 0; path = TestProject.app; sourceTree = BUILT_PRODUCTS_DIR; };
		653380F525DBB4C0002A8E3C /* AppDelegate.h */ = {isa = PBXFileReference; lastKnownFileType = sourcecode.c.h; path = AppDelegate.h; sourceTree = "<group>"; };
		653380F625DBB4C0002A8E3C /* AppDelegate.m */ = {isa = PBXFileReference; lastKnownFileType = sourcecode.c.objc; path = AppDelegate.m; sourceTree = "<group>"; };
		653380F825DBB4C0002A8E3C /* SceneDelegate.h */ = {isa = PBXFileReference; lastKnownFileType = sourcecode.c.h; path = SceneDelegate.h; sourceTree = "<group>"; };
		653380F925DBB4C0002A8E3C /* SceneDelegate.m */ = {isa = PBXFileReference; lastKnownFileType = sourcecode.c.objc; path = SceneDelegate.m; sourceTree = "<group>"; };
		653380FB25DBB4C0002A8E3C /* ViewController.h */ = {isa = PBXFileReference; lastKnownFileType = sourcecode.c.h; path = ViewController.h; sourceTree = "<group>"; };
		653380FC25DBB4C0002A8E3C /* ViewController.m */ = {isa = PBXFileReference; lastKnownFileType = sourcecode.c.objc; path = ViewController.m; sourceTree = "<group>"; };
		653380FF25DBB4C0002A8E3C /* Base */ = {isa = PBXFileReference; lastKnownFileType = file.storyboard; name = Base; path = Base.lproj/Main.storyboard; sourceTree = "<group>"; };
		6533810125DBB4C2002A8E3C /* Assets.xcassets */ = {isa = PBXFileReference; lastKnownFileType = folder.assetcatalog; path = Assets.xcassets; sourceTree = "<group>"; };
		6533810425DBB4C2002A8E3C /* Base */ = {isa = PBXFileReference; lastKnownFileType = file.storyboard; name = Base; path = Base.lproj/LaunchScreen.storyboard; sourceTree = "<group>"; };
		6533810625DBB4C2002A8E3C /* Info.plist */ = {isa = PBXFileReference; lastKnownFileType = text.plist.xml; path = Info.plist; sourceTree = "<group>"; };
		6533810725DBB4C2002A8E3C /* main.m */ = {isa = PBXFileReference; lastKnownFileType = sourcecode.c.objc; path = main.m; sourceTree = "<group>"; };
/* End PBXFileReference section */

/* Begin PBXFrameworksBuildPhase section */
		653380EF25DBB4C0002A8E3C /* Frameworks */ = {
			isa = PBXFrameworksBuildPhase;
			buildActionMask = 2147483647;
			files = (
				6582B0E92825781100289799 /* CPXResearch in Frameworks */,
			);
			runOnlyForDeploymentPostprocessing = 0;
		};
/* End PBXFrameworksBuildPhase section */

/* Begin PBXGroup section */
		653380E925DBB4C0002A8E3C = {
			isa = PBXGroup;
			children = (
				653380F425DBB4C0002A8E3C /* TestProject */,
				653380F325DBB4C0002A8E3C /* Products */,
			);
			sourceTree = "<group>";
		};
		653380F325DBB4C0002A8E3C /* Products */ = {
			isa = PBXGroup;
			children = (
				653380F225DBB4C0002A8E3C /* TestProject.app */,
			);
			name = Products;
			sourceTree = "<group>";
		};
		653380F425DBB4C0002A8E3C /* TestProject */ = {
			isa = PBXGroup;
			children = (
				653380F525DBB4C0002A8E3C /* AppDelegate.h */,
				653380F625DBB4C0002A8E3C /* AppDelegate.m */,
				653380F825DBB4C0002A8E3C /* SceneDelegate.h */,
				653380F925DBB4C0002A8E3C /* SceneDelegate.m */,
				653380FB25DBB4C0002A8E3C /* ViewController.h */,
				653380FC25DBB4C0002A8E3C /* ViewController.m */,
				653380FE25DBB4C0002A8E3C /* Main.storyboard */,
				6533810125DBB4C2002A8E3C /* Assets.xcassets */,
				6533810325DBB4C2002A8E3C /* LaunchScreen.storyboard */,
				6533810625DBB4C2002A8E3C /* Info.plist */,
				6533810725DBB4C2002A8E3C /* main.m */,
			);
			path = TestProject;
			sourceTree = "<group>";
		};
/* End PBXGroup section */

/* Begin PBXNativeTarget section */
		653380F125DBB4C0002A8E3C /* TestProject */ = {
			isa = PBXNativeTarget;
			buildConfigurationList = 6533810B25DBB4C2002A8E3C /* Build configuration list for PBXNativeTarget "TestProject" */;
			buildPhases = (
				653380EE25DBB4C0002A8E3C /* Sources */,
				653380EF25DBB4C0002A8E3C /* Frameworks */,
				653380F025DBB4C0002A8E3C /* Resources */,
			);
			buildRules = (
			);
			dependencies = (
			);
			name = TestProject;
			packageProductDependencies = (
				6582B0E82825781100289799 /* CPXResearch */,
			);
			productName = TestProject;
			productReference = 653380F225DBB4C0002A8E3C /* TestProject.app */;
			productType = "com.apple.product-type.application";
		};
/* End PBXNativeTarget section */

/* Begin PBXProject section */
		653380EA25DBB4C0002A8E3C /* Project object */ = {
			isa = PBXProject;
			attributes = {
				LastUpgradeCheck = 1250;
				TargetAttributes = {
					653380F125DBB4C0002A8E3C = {
						CreatedOnToolsVersion = 12.5;
					};
				};
			};
			buildConfigurationList = 653380ED25DBB4C0002A8E3C /* Build configuration list for PBXProject "TestProject" */;
			compatibilityVersion = "Xcode 9.3";
			developmentRegion = en;
			hasScannedForEncodings = 0;
			knownRegions = (
				en,
				Base,
			);
			mainGroup = 653380E925DBB4C0002A8E3C;
			packageReferences = (
				6582B0E72825781100289799 /* XCRemoteSwiftPackageReference "cpx-research-SDK-Ios" */,
			);
			productRefGroup = 653380F325DBB4C0002A8E3C /* Products */;
			projectDirPath = "";
			projectRoot = "";
			targets = (
				653380F125DBB4C0002A8E3C /* TestProject */,
			);
		};
/* End PBXProject section */

/* Begin PBXResourcesBuildPhase section */
		653380F025DBB4C0002A8E3C /* Resources */ = {
			isa = PBXResourcesBuildPhase;
			buildActionMask = 2147483647;
			files = (
				6533810525DBB4C2002A8E3C /* LaunchScreen.storyboard in Resources */,
				6533810225DBB4C2002A8E3C /* Assets.xcassets in Resources */,
				6533810025DBB4C0002A8E3C /* Main.storyboard in Resources */,
			);
			runOnlyForDeploymentPostprocessing = 0;
		};
/* End PBXResourcesBuildPhase section */

/* Begin PBXSourcesBuildPhase section */
		653380EE25DBB4C0002A8E3C /* Sources */ = {
			isa = PBXSourcesBuildPhase;
			buildActionMask = 2147483647;
			files = (
				653380FD25DBB4C0002A8E3C /* ViewController.m in Sources */,
				653380F725DBB4C0002A8E3C /* AppDelegate.m in Sources */,
				6533810825DBB4C2002A8E3C /* main.m in Sources */,
				653380FA25DBB4C0002A8E3C /* SceneDelegate.m in Sources */,
			);
			runOnlyForDeploymentPostprocessing = 0;
		};
/* End PBXSourcesBuildPhase section */

/* Begin PBXVariantGroup section */
		653380FE25DBB4C0002A8E3C /* Main.storyboard */ = {
			isa = PBXVariantGroup;
			children = (
				653380FF25DBB4C0002A8E3C /* Base */,
			);
			name = Main.storyboard;
			sourceTree = "<group>";
		};
		6533810325DBB4C2002A8E3C /* LaunchScreen.storyboard */ = {
			isa = PBXVariantGroup;
			children = (
				6533810425DBB4C2002A8E3C /* Base */,
			);
			name = LaunchScreen.storyboard;
			sourceTree = "<group>";
		};
/* End PBXVariantGroup section */

/* Begin XCBuildConfiguration section */
		6533810925DBB4C2002A8E3C /* Debug */ = {
			isa = XCBuildConfiguration;
			buildSettings = {
				ALWAYS_SEARCH_USER_PATHS = NO;
				CLANG_ANALYZER_NONNULL = YES;
				CLANG_ANALYZER_NUMBER_OBJECT_CONVERSION = YES_AGGRESSIVE;
				CLANG_CXX_LANGUAGE_STANDARD = "gnu++14";
				CLANG_CXX_LIBRARY = "libc++";
				CLANG_ENABLE_MODULES = YES;
				CLANG_ENABLE_OBJC_ARC = YES;
				CLANG_ENABLE_OBJC_WEAK = YES;
				CLANG_WARN_BLOCK_CAPTURE_AUTORELEASING = YES;
				CLANG_WARN_BOOL_CONVERSION = YES;
				CLANG_WARN_COMMA = YES;
				CLANG_WARN_CONSTANT_CONVERSION = YES;
				CLANG_WARN_DEPRECATED_OBJC_IMPLEMENTATIONS = YES;
				CLANG_WARN_DIRECT_OBJC_ISA_USAGE = YES_ERROR;
				CLANG_WARN_DOCUMENTATION_COMMENTS = YES;
				CLANG_WARN_EMPTY_BODY = YES;
				CLANG_WARN_ENUM_CONVERSION = YES;
				CLANG_WARN_INFINITE_RECURSION = YES;
				CLANG_WARN_INT_CONVERSION = YES;
				CLANG_WARN_NON_LITERAL_NULL_CONVERSION = YES;
				CLANG_WARN_OBJC_IMPLICIT_RETAIN_SELF = YES;
				CLANG_WARN_OBJC_LITERAL_CONVERSION = YES;
				CLANG_WARN_OBJC_ROOT_CLASS = YES_ERROR;
				CLANG_WARN_QUOTED_INCLUDE_IN_FRAMEWORK_HEADER = YES;
				CLANG_WARN_RANGE_LOOP_ANALYSIS = YES;
				CLANG_WARN_STRICT_PROTOTYPES = YES;
				CLANG_WARN_SUSPICIOUS_MOVE = YES;
				CLANG_WARN_UNGUARDED_AVAILABILITY = YES_AGGRESSIVE;
				CLANG_WARN_UNREACHABLE_CODE = YES;
				CLANG_WARN__DUPLICATE_METHOD_MATCH = YES;
				COPY_PHASE_STRIP = NO;
				DEBUG_INFORMATION_FORMAT = dwarf;
				ENABLE_STRICT_OBJC_MSGSEND = YES;
				ENABLE_TESTABILITY = YES;
				GCC_C_LANGUAGE_STANDARD = gnu11;
				GCC_DYNAMIC_NO_PIC = NO;
				GCC_NO_COMMON_BLOCKS = YES;
				GCC_OPTIMIZATION_LEVEL = 0;
				GCC_PREPROCESSOR_DEFINITIONS = (
					"DEBUG=1",
					"$(inherited)",
				);
				GCC_WARN_64_TO_32_BIT_CONVERSION = YES;
				GCC_WARN_ABOUT_RETURN_TYPE = YES_ERROR;
				GCC_WARN_UNDECLARED_SELECTOR = YES;
				GCC_WARN_UNINITIALIZED_AUTOS = YES_AGGRESSIVE;
				GCC_WARN_UNUSED_FUNCTION = YES;
				GCC_WARN_UNUSED_VARIABLE = YES;
				IPHONEOS_DEPLOYMENT_TARGET = 14.5;
				MTL_ENABLE_DEBUG_INFO = INCLUDE_SOURCE;
				MTL_FAST_MATH = YES;
				ONLY_ACTIVE_ARCH = YES;
				SDKROOT = iphoneos;
			};
			name = Debug;
		};
		6533810A25DBB4C2002A8E3C /* Release */ = {
			isa = XCBuildConfiguration;
			buildSettings = {
				ALWAYS_SEARCH_USER_PATHS = NO;
				CLANG_ANALYZER_NONNULL = YES;
				CLANG_ANALYZER_NUMBER_OBJECT_CONVERSION = YES_AGGRESSIVE;
				CLANG_CXX_LANGUAGE_STANDARD = "gnu++14";
				CLANG_CXX_LIBRARY = "libc++";
				CLANG_ENABLE_MODULES = YES;
				CLANG_ENABLE_OBJC_ARC = YES;
				CLANG_ENABLE_OBJC_WEAK = YES;
				CLANG_WARN_BLOCK_CAPTURE_AUTORELEASING = YES;
				CLANG_WARN_BOOL_CONVERSION = YES;
				CLANG_WARN_COMMA = YES;
				CLANG_WARN_CONSTANT_CONVERSION = YES;
				CLANG_WARN_DEPRECATED_OBJC_IMPLEMENTATIONS = YES;
				CLANG_WARN_DIRECT_OBJC_ISA_USAGE = YES_ERROR;
				CLANG_WARN_DOCUMENTATION_COMMENTS = YES;
				CLANG_WARN_EMPTY_BODY = YES;
				CLANG_WARN_ENUM_CONVERSION = YES;
				CLANG_WARN_INFINITE_RECURSION = YES;
				CLANG_WARN_INT_CONVERSION = YES;
				CLANG_WARN_NON_LITERAL_NULL_CONVERSION = YES;
				CLANG_WARN_OBJC_IMPLICIT_RETAIN_SELF = YES;
				CLANG_WARN_OBJC_LITERAL_CONVERSION = YES;
				CLANG_WARN_OBJC_ROOT_CLASS = YES_ERROR;
				CLANG_WARN_QUOTED_INCLUDE_IN_FRAMEWORK_HEADER = YES;
				CLANG_WARN_RANGE_LOOP_ANALYSIS = YES;
				CLANG_WARN_STRICT_PROTOTYPES = YES;
				CLANG_WARN_SUSPICIOUS_MOVE = YES;
				CLANG_WARN_UNGUARDED_AVAILABILITY = YES_AGGRESSIVE;
				CLANG_WARN_UNREACHABLE_CODE = YES;
				CLANG_WARN__DUPLICATE_METHOD_MATCH = YES;
				COPY_PHASE_STRIP = NO;
				DEBUG_INFORMATION_FORMAT = "dwarf-with-dsym";
				ENABLE_NS_ASSERTIONS = NO;
				ENABLE_STRICT_OBJC_MSGSEND = YES;
				GCC_C_LANGUAGE_STANDARD = gnu11;
				GCC_NO_COMMON_BLOCKS = YES;
				GCC_WARN_64_TO_32_BIT_CONVERSION = YES;
				GCC_WARN_ABOUT_RETURN_TYPE = YES_ERROR;
				GCC_WARN_UNDECLARED_SELECTOR = YES;
				GCC_WARN_UNINITIALIZED_AUTOS = YES_AGGRESSIVE;
				GCC_WARN_UNUSED_FUNCTION = YES;
				GCC_WARN_UNUSED_VARIABLE = YES;
				IPHONEOS_DEPLOYMENT_TARGET = 14.5;
				MTL_ENABLE_DEBUG_INFO = NO;
				MTL_FAST_MATH = YES;
				SDKROOT = iphoneos;
				VALIDATE_PRODUCT = YES;
			};
			name = Release;
		};
		6533810C25DBB4C2002A8E3C /* Debug */ = {
			isa = XCBuildConfiguration;
			buildSettings = {
				ASSETCATALOG_COMPILER_APPICON_NAME = AppIcon;
				ASSETCATALOG_COMPILER_GLOBAL_ACCENT_COLOR_NAME = AccentColor;
				CODE_SIGN_STYLE = Automatic;
				DEVELOPMENT_TEAM = X7VFGX3QPG;
				INFOPLIST_FILE = TestProject/Info.plist;
				IPHONEOS_DEPLOYMENT_TARGET = 11.0;
				LD_RUNPATH_SEARCH_PATHS = (
					"$(inherited)",
					"@executable_path/Frameworks",
				);
				PRODUCT_BUNDLE_IDENTIFIER = de.danielfredrich.TestProject;
				PRODUCT_NAME = "$(TARGET_NAME)";
				TARGETED_DEVICE_FAMILY = "1,2";
			};
			name = Debug;
		};
		6533810D25DBB4C2002A8E3C /* Release */ = {
			isa = XCBuildConfiguration;
			buildSettings = {
				ASSETCATALOG_COMPILER_APPICON_NAME = AppIcon;
				ASSETCATALOG_COMPILER_GLOBAL_ACCENT_COLOR_NAME = AccentColor;
				CODE_SIGN_STYLE = Automatic;
				DEVELOPMENT_TEAM = X7VFGX3QPG;
				INFOPLIST_FILE = TestProject/Info.plist;
				IPHONEOS_DEPLOYMENT_TARGET = 11.0;
				LD_RUNPATH_SEARCH_PATHS = (
					"$(inherited)",
					"@executable_path/Frameworks",
				);
				PRODUCT_BUNDLE_IDENTIFIER = de.danielfredrich.TestProject;
				PRODUCT_NAME = "$(TARGET_NAME)";
				TARGETED_DEVICE_FAMILY = "1,2";
			};
			name = Release;
		};
/* End XCBuildConfiguration section */

/* Begin XCConfigurationList section */
		653380ED25DBB4C0002A8E3C /* Build configuration list for PBXProject "TestProject" */ = {
			isa = XCConfigurationList;
			buildConfigurations = (
				6533810925DBB4C2002A8E3C /* Debug */,
				6533810A25DBB4C2002A8E3C /* Release */,
			);
			defaultConfigurationIsVisible = 0;
			defaultConfigurationName = Release;
		};
		6533810B25DBB4C2002A8E3C /* Build configuration list for PBXNativeTarget "TestProject" */ = {
			isa = XCConfigurationList;
			buildConfigurations = (
				6533810C25DBB4C2002A8E3C /* Debug */,
				6533810D25DBB4C2002A8E3C /* Release */,
			);
			defaultConfigurationIsVisible = 0;
			defaultConfigurationName = Release;
		};
/* End XCConfigurationList section */

/* Begin XCRemoteSwiftPackageReference section */
		6582B0E72825781100289799 /* XCRemoteSwiftPackageReference "cpx-research-SDK-Ios" */ = {
			isa = XCRemoteSwiftPackageReference;
			repositoryURL = "https://github.com/MakeOpinionGmbH/cpx-research-SDK-Ios.git";
			requirement = {
				kind = upToNextMajorVersion;
				minimumVersion = 1.0.0;
			};
		};
/* End XCRemoteSwiftPackageReference section */

/* Begin XCSwiftPackageProductDependency section */
		6582B0E82825781100289799 /* CPXResearch */ = {
			isa = XCSwiftPackageProductDependency;
			package = 6582B0E72825781100289799 /* XCRemoteSwiftPackageReference "cpx-research-SDK-Ios" */;
			productName = CPXResearch;
		};
/* End XCSwiftPackageProductDependency section */
	};
	rootObject = 653380EA25DBB4C0002A8E3C /* Project object */;
}
